
Microsoft Visual Studio Solution File, Format Version 12.00
# Visual Studio Version 17
VisualStudioVersion = 17.0.31903.59
MinimumVisualStudioVersion = 10.0.40219.1
Project("{2150E333-8FDC-42A3-9474-1A3956D46DE8}") = "src", "src", "{827E0CD3-B72D-47B6-A68D-7590B98EB39B}"
EndProject
Project("{2150E333-8FDC-42A3-9474-1A3956D46DE8}") = "services", "services", "{984BB9B3-3FA3-BE33-9484-CAC21695A33C}"
EndProject
Project("{2150E333-8FDC-42A3-9474-1A3956D46DE8}") = "AuthService", "AuthService", "{B0ED8887-1092-5A1A-EC04-2B6B0F6E9C33}"
EndProject
Project("{FAE04EC0-301F-11D3-BF4B-00C04F79EFBC}") = "AuthService.Domain", "src\services\AuthService\AuthService.Domain\AuthService.Domain.csproj", "{58F11597-31A0-4AE2-BDE8-4E3EF4C22F79}"
EndProject
Project("{FAE04EC0-301F-11D3-BF4B-00C04F79EFBC}") = "AuthService.Application", "src\services\AuthService\AuthService.Application\AuthService.Application.csproj", "{DFA2A8D6-D029-485C-867F-CE306A71001B}"
EndProject
Project("{FAE04EC0-301F-11D3-BF4B-00C04F79EFBC}") = "AuthService.Infrastructure", "src\services\AuthService\AuthService.Infrastructure\AuthService.Infrastructure.csproj", "{8C2713C7-546E-4D61-A2C3-8C55C6C48019}"
EndProject
Project("{FAE04EC0-301F-11D3-BF4B-00C04F79EFBC}") = "AuthService.API", "src\services\AuthService\AuthService.API\AuthService.API.csproj", "{CBCCEB6F-BF4E-4FF6-A7F4-6C2C26BF5F76}"
EndProject
Project("{2150E333-8FDC-42A3-9474-1A3956D46DE8}") = "tests", "tests", "{10AAECAC-21BA-5C38-3BA5-E4BE0193DAA0}"
EndProject
Project("{FAE04EC0-301F-11D3-BF4B-00C04F79EFBC}") = "AuthService.Domain.Tests", "src\services\AuthService\tests\AuthService.Domain.Tests\AuthService.Domain.Tests.csproj", "{3EFE4C2E-3CAE-44C2-BE22-033E7D9C53B1}"
EndProject
Project("{FAE04EC0-301F-11D3-BF4B-00C04F79EFBC}") = "AuthService.Application.Tests", "src\services\AuthService\tests\AuthService.Application.Tests\AuthService.Application.Tests.csproj", "{D62A2941-08E1-441B-8492-591C9ADCDED1}"
EndProject
Project("{2150E333-8FDC-42A3-9474-1A3956D46DE8}") = "AccountService", "AccountService", "{7B912DB9-331B-0944-5302-1EBCC0404D36}"
EndProject
Project("{FAE04EC0-301F-11D3-BF4B-00C04F79EFBC}") = "AccountService.Domain", "src\services\AccountService\AccountService.Domain\AccountService.Domain.csproj", "{EFA13E8F-7F40-462A-BF81-E3DB0453FE66}"
EndProject
Project("{FAE04EC0-301F-11D3-BF4B-00C04F79EFBC}") = "AccountService.Application", "src\services\AccountService\AccountService.Application\AccountService.Application.csproj", "{DADD0C1E-DD26-45A6-B91F-147D2157223E}"
EndProject
Project("{FAE04EC0-301F-11D3-BF4B-00C04F79EFBC}") = "AccountService.Infrastructure", "src\services\AccountService\AccountService.Infrastructure\AccountService.Infrastructure.csproj", "{7D8E2C59-48D5-4474-84A0-89EF3633F4A0}"
EndProject
Project("{FAE04EC0-301F-11D3-BF4B-00C04F79EFBC}") = "AccountService.API", "src\services\AccountService\AccountService.API\AccountService.API.csproj", "{6509351D-181C-433A-9FF5-5F4005FE1368}"
EndProject
Project("{2150E333-8FDC-42A3-9474-1A3956D46DE8}") = "tests", "tests", "{DE9CB059-47B5-24E0-B781-73041E71A90F}"
EndProject
Project("{FAE04EC0-301F-11D3-BF4B-00C04F79EFBC}") = "AccountService.Domain.Tests", "src\services\AccountService\tests\AccountService.Domain.Tests\AccountService.Domain.Tests.csproj", "{5BCD354D-83E7-44E6-A118-061A4EE56317}"
EndProject
Project("{FAE04EC0-301F-11D3-BF4B-00C04F79EFBC}") = "AccountService.Application.Tests", "src\services\AccountService\tests\AccountService.Application.Tests\AccountService.Application.Tests.csproj", "{E4765FA6-D5BC-4C5D-8D00-7234CB304C94}"
EndProject
Project("{2150E333-8FDC-42A3-9474-1A3956D46DE8}") = "TransactionService", "TransactionService", "{4FD79C85-B390-988C-6EB0-CF61DD94049A}"
EndProject
Project("{FAE04EC0-301F-11D3-BF4B-00C04F79EFBC}") = "TransactionService.Domain", "src\services\TransactionService\TransactionService.Domain\TransactionService.Domain.csproj", "{280D21CA-B67D-49ED-B7AD-592B1342CD80}"
EndProject
Project("{FAE04EC0-301F-11D3-BF4B-00C04F79EFBC}") = "TransactionService.Application", "src\services\TransactionService\TransactionService.Application\TransactionService.Application.csproj", "{300CC1C4-A23F-4A3E-A253-9616E57DA53C}"
EndProject
Project("{FAE04EC0-301F-11D3-BF4B-00C04F79EFBC}") = "TransactionService.Infrastructure", "src\services\TransactionService\TransactionService.Infrastructure\TransactionService.Infrastructure.csproj", "{0F1161C1-EBB0-44BC-B65E-66D5DAABE260}"
EndProject
Project("{FAE04EC0-301F-11D3-BF4B-00C04F79EFBC}") = "TransactionService.API", "src\services\TransactionService\TransactionService.API\TransactionService.API.csproj", "{B8801178-7026-48D0-A350-7564F3F4D8A3}"
EndProject
Project("{2150E333-8FDC-42A3-9474-1A3956D46DE8}") = "tests", "tests", "{3926BB3C-E732-9124-5201-0968DFF54D23}"
EndProject
Project("{FAE04EC0-301F-11D3-BF4B-00C04F79EFBC}") = "TransactionService.Domain.Tests", "src\services\TransactionService\tests\TransactionService.Domain.Tests\TransactionService.Domain.Tests.csproj", "{68A012A9-625E-4339-A5DF-4897E5042C89}"
EndProject
Project("{FAE04EC0-301F-11D3-BF4B-00C04F79EFBC}") = "TransactionService.Application.Tests", "src\services\TransactionService\tests\TransactionService.Application.Tests\TransactionService.Application.Tests.csproj", "{CD26DF1C-7DBF-4D35-A804-514FE39DA097}"
EndProject
Global
	GlobalSection(SolutionConfigurationPlatforms) = preSolution
		Debug|Any CPU = Debug|Any CPU
		Debug|x64 = Debug|x64
		Debug|x86 = Debug|x86
		Release|Any CPU = Release|Any CPU
		Release|x64 = Release|x64
		Release|x86 = Release|x86
	EndGlobalSection
	GlobalSection(ProjectConfigurationPlatforms) = postSolution
		{58F11597-31A0-4AE2-BDE8-4E3EF4C22F79}.Debug|Any CPU.ActiveCfg = Debug|Any CPU
		{58F11597-31A0-4AE2-BDE8-4E3EF4C22F79}.Debug|Any CPU.Build.0 = Debug|Any CPU
		{58F11597-31A0-4AE2-BDE8-4E3EF4C22F79}.Debug|x64.ActiveCfg = Debug|Any CPU
		{58F11597-31A0-4AE2-BDE8-4E3EF4C22F79}.Debug|x64.Build.0 = Debug|Any CPU
		{58F11597-31A0-4AE2-BDE8-4E3EF4C22F79}.Debug|x86.ActiveCfg = Debug|Any CPU
		{58F11597-31A0-4AE2-BDE8-4E3EF4C22F79}.Debug|x86.Build.0 = Debug|Any CPU
		{58F11597-31A0-4AE2-BDE8-4E3EF4C22F79}.Release|Any CPU.ActiveCfg = Release|Any CPU
		{58F11597-31A0-4AE2-BDE8-4E3EF4C22F79}.Release|Any CPU.Build.0 = Release|Any CPU
		{58F11597-31A0-4AE2-BDE8-4E3EF4C22F79}.Release|x64.ActiveCfg = Release|Any CPU
		{58F11597-31A0-4AE2-BDE8-4E3EF4C22F79}.Release|x64.Build.0 = Release|Any CPU
		{58F11597-31A0-4AE2-BDE8-4E3EF4C22F79}.Release|x86.ActiveCfg = Release|Any CPU
		{58F11597-31A0-4AE2-BDE8-4E3EF4C22F79}.Release|x86.Build.0 = Release|Any CPU
		{DFA2A8D6-D029-485C-867F-CE306A71001B}.Debug|Any CPU.ActiveCfg = Debug|Any CPU
		{DFA2A8D6-D029-485C-867F-CE306A71001B}.Debug|Any CPU.Build.0 = Debug|Any CPU
		{DFA2A8D6-D029-485C-867F-CE306A71001B}.Debug|x64.ActiveCfg = Debug|Any CPU
		{DFA2A8D6-D029-485C-867F-CE306A71001B}.Debug|x64.Build.0 = Debug|Any CPU
		{DFA2A8D6-D029-485C-867F-CE306A71001B}.Debug|x86.ActiveCfg = Debug|Any CPU
		{DFA2A8D6-D029-485C-867F-CE306A71001B}.Debug|x86.Build.0 = Debug|Any CPU
		{DFA2A8D6-D029-485C-867F-CE306A71001B}.Release|Any CPU.ActiveCfg = Release|Any CPU
		{DFA2A8D6-D029-485C-867F-CE306A71001B}.Release|Any CPU.Build.0 = Release|Any CPU
		{DFA2A8D6-D029-485C-867F-CE306A71001B}.Release|x64.ActiveCfg = Release|Any CPU
		{DFA2A8D6-D029-485C-867F-CE306A71001B}.Release|x64.Build.0 = Release|Any CPU
		{DFA2A8D6-D029-485C-867F-CE306A71001B}.Release|x86.ActiveCfg = Release|Any CPU
		{DFA2A8D6-D029-485C-867F-CE306A71001B}.Release|x86.Build.0 = Release|Any CPU
		{8C2713C7-546E-4D61-A2C3-8C55C6C48019}.Debug|Any CPU.ActiveCfg = Debug|Any CPU
		{8C2713C7-546E-4D61-A2C3-8C55C6C48019}.Debug|Any CPU.Build.0 = Debug|Any CPU
		{8C2713C7-546E-4D61-A2C3-8C55C6C48019}.Debug|x64.ActiveCfg = Debug|Any CPU
		{8C2713C7-546E-4D61-A2C3-8C55C6C48019}.Debug|x64.Build.0 = Debug|Any CPU
		{8C2713C7-546E-4D61-A2C3-8C55C6C48019}.Debug|x86.ActiveCfg = Debug|Any CPU
		{8C2713C7-546E-4D61-A2C3-8C55C6C48019}.Debug|x86.Build.0 = Debug|Any CPU
		{8C2713C7-546E-4D61-A2C3-8C55C6C48019}.Release|Any CPU.ActiveCfg = Release|Any CPU
		{8C2713C7-546E-4D61-A2C3-8C55C6C48019}.Release|Any CPU.Build.0 = Release|Any CPU
		{8C2713C7-546E-4D61-A2C3-8C55C6C48019}.Release|x64.ActiveCfg = Release|Any CPU
		{8C2713C7-546E-4D61-A2C3-8C55C6C48019}.Release|x64.Build.0 = Release|Any CPU
		{8C2713C7-546E-4D61-A2C3-8C55C6C48019}.Release|x86.ActiveCfg = Release|Any CPU
		{8C2713C7-546E-4D61-A2C3-8C55C6C48019}.Release|x86.Build.0 = Release|Any CPU
		{CBCCEB6F-BF4E-4FF6-A7F4-6C2C26BF5F76}.Debug|Any CPU.ActiveCfg = Debug|Any CPU
		{CBCCEB6F-BF4E-4FF6-A7F4-6C2C26BF5F76}.Debug|Any CPU.Build.0 = Debug|Any CPU
		{CBCCEB6F-BF4E-4FF6-A7F4-6C2C26BF5F76}.Debug|x64.ActiveCfg = Debug|Any CPU
		{CBCCEB6F-BF4E-4FF6-A7F4-6C2C26BF5F76}.Debug|x64.Build.0 = Debug|Any CPU
		{CBCCEB6F-BF4E-4FF6-A7F4-6C2C26BF5F76}.Debug|x86.ActiveCfg = Debug|Any CPU
		{CBCCEB6F-BF4E-4FF6-A7F4-6C2C26BF5F76}.Debug|x86.Build.0 = Debug|Any CPU
		{CBCCEB6F-BF4E-4FF6-A7F4-6C2C26BF5F76}.Release|Any CPU.ActiveCfg = Release|Any CPU
		{CBCCEB6F-BF4E-4FF6-A7F4-6C2C26BF5F76}.Release|Any CPU.Build.0 = Release|Any CPU
		{CBCCEB6F-BF4E-4FF6-A7F4-6C2C26BF5F76}.Release|x64.ActiveCfg = Release|Any CPU
		{CBCCEB6F-BF4E-4FF6-A7F4-6C2C26BF5F76}.Release|x64.Build.0 = Release|Any CPU
		{CBCCEB6F-BF4E-4FF6-A7F4-6C2C26BF5F76}.Release|x86.ActiveCfg = Release|Any CPU
		{CBCCEB6F-BF4E-4FF6-A7F4-6C2C26BF5F76}.Release|x86.Build.0 = Release|Any CPU
		{3EFE4C2E-3CAE-44C2-BE22-033E7D9C53B1}.Debug|Any CPU.ActiveCfg = Debug|Any CPU
		{3EFE4C2E-3CAE-44C2-BE22-033E7D9C53B1}.Debug|Any CPU.Build.0 = Debug|Any CPU
		{3EFE4C2E-3CAE-44C2-BE22-033E7D9C53B1}.Debug|x64.ActiveCfg = Debug|Any CPU
		{3EFE4C2E-3CAE-44C2-BE22-033E7D9C53B1}.Debug|x64.Build.0 = Debug|Any CPU
		{3EFE4C2E-3CAE-44C2-BE22-033E7D9C53B1}.Debug|x86.ActiveCfg = Debug|Any CPU
		{3EFE4C2E-3CAE-44C2-BE22-033E7D9C53B1}.Debug|x86.Build.0 = Debug|Any CPU
		{3EFE4C2E-3CAE-44C2-BE22-033E7D9C53B1}.Release|Any CPU.ActiveCfg = Release|Any CPU
		{3EFE4C2E-3CAE-44C2-BE22-033E7D9C53B1}.Release|Any CPU.Build.0 = Release|Any CPU
		{3EFE4C2E-3CAE-44C2-BE22-033E7D9C53B1}.Release|x64.ActiveCfg = Release|Any CPU
		{3EFE4C2E-3CAE-44C2-BE22-033E7D9C53B1}.Release|x64.Build.0 = Release|Any CPU
		{3EFE4C2E-3CAE-44C2-BE22-033E7D9C53B1}.Release|x86.ActiveCfg = Release|Any CPU
		{3EFE4C2E-3CAE-44C2-BE22-033E7D9C53B1}.Release|x86.Build.0 = Release|Any CPU
		{D62A2941-08E1-441B-8492-591C9ADCDED1}.Debug|Any CPU.ActiveCfg = Debug|Any CPU
		{D62A2941-08E1-441B-8492-591C9ADCDED1}.Debug|Any CPU.Build.0 = Debug|Any CPU
		{D62A2941-08E1-441B-8492-591C9ADCDED1}.Debug|x64.ActiveCfg = Debug|Any CPU
		{D62A2941-08E1-441B-8492-591C9ADCDED1}.Debug|x64.Build.0 = Debug|Any CPU
		{D62A2941-08E1-441B-8492-591C9ADCDED1}.Debug|x86.ActiveCfg = Debug|Any CPU
		{D62A2941-08E1-441B-8492-591C9ADCDED1}.Debug|x86.Build.0 = Debug|Any CPU
		{D62A2941-08E1-441B-8492-591C9ADCDED1}.Release|Any CPU.ActiveCfg = Release|Any CPU
		{D62A2941-08E1-441B-8492-591C9ADCDED1}.Release|Any CPU.Build.0 = Release|Any CPU
		{D62A2941-08E1-441B-8492-591C9ADCDED1}.Release|x64.ActiveCfg = Release|Any CPU
		{D62A2941-08E1-441B-8492-591C9ADCDED1}.Release|x64.Build.0 = Release|Any CPU
		{D62A2941-08E1-441B-8492-591C9ADCDED1}.Release|x86.ActiveCfg = Release|Any CPU
		{D62A2941-08E1-441B-8492-591C9ADCDED1}.Release|x86.Build.0 = Release|Any CPU
		{EFA13E8F-7F40-462A-BF81-E3DB0453FE66}.Debug|Any CPU.ActiveCfg = Debug|Any CPU
		{EFA13E8F-7F40-462A-BF81-E3DB0453FE66}.Debug|Any CPU.Build.0 = Debug|Any CPU
		{EFA13E8F-7F40-462A-BF81-E3DB0453FE66}.Debug|x64.ActiveCfg = Debug|Any CPU
		{EFA13E8F-7F40-462A-BF81-E3DB0453FE66}.Debug|x64.Build.0 = Debug|Any CPU
		{EFA13E8F-7F40-462A-BF81-E3DB0453FE66}.Debug|x86.ActiveCfg = Debug|Any CPU
		{EFA13E8F-7F40-462A-BF81-E3DB0453FE66}.Debug|x86.Build.0 = Debug|Any CPU
		{EFA13E8F-7F40-462A-BF81-E3DB0453FE66}.Release|Any CPU.ActiveCfg = Release|Any CPU
		{EFA13E8F-7F40-462A-BF81-E3DB0453FE66}.Release|Any CPU.Build.0 = Release|Any CPU
		{EFA13E8F-7F40-462A-BF81-E3DB0453FE66}.Release|x64.ActiveCfg = Release|Any CPU
		{EFA13E8F-7F40-462A-BF81-E3DB0453FE66}.Release|x64.Build.0 = Release|Any CPU
		{EFA13E8F-7F40-462A-BF81-E3DB0453FE66}.Release|x86.ActiveCfg = Release|Any CPU
		{EFA13E8F-7F40-462A-BF81-E3DB0453FE66}.Release|x86.Build.0 = Release|Any CPU
		{DADD0C1E-DD26-45A6-B91F-147D2157223E}.Debug|Any CPU.ActiveCfg = Debug|Any CPU
		{DADD0C1E-DD26-45A6-B91F-147D2157223E}.Debug|Any CPU.Build.0 = Debug|Any CPU
		{DADD0C1E-DD26-45A6-B91F-147D2157223E}.Debug|x64.ActiveCfg = Debug|Any CPU
		{DADD0C1E-DD26-45A6-B91F-147D2157223E}.Debug|x64.Build.0 = Debug|Any CPU
		{DADD0C1E-DD26-45A6-B91F-147D2157223E}.Debug|x86.ActiveCfg = Debug|Any CPU
		{DADD0C1E-DD26-45A6-B91F-147D2157223E}.Debug|x86.Build.0 = Debug|Any CPU
		{DADD0C1E-DD26-45A6-B91F-147D2157223E}.Release|Any CPU.ActiveCfg = Release|Any CPU
		{DADD0C1E-DD26-45A6-B91F-147D2157223E}.Release|Any CPU.Build.0 = Release|Any CPU
		{DADD0C1E-DD26-45A6-B91F-147D2157223E}.Release|x64.ActiveCfg = Release|Any CPU
		{DADD0C1E-DD26-45A6-B91F-147D2157223E}.Release|x64.Build.0 = Release|Any CPU
		{DADD0C1E-DD26-45A6-B91F-147D2157223E}.Release|x86.ActiveCfg = Release|Any CPU
		{DADD0C1E-DD26-45A6-B91F-147D2157223E}.Release|x86.Build.0 = Release|Any CPU
		{7D8E2C59-48D5-4474-84A0-89EF3633F4A0}.Debug|Any CPU.ActiveCfg = Debug|Any CPU
		{7D8E2C59-48D5-4474-84A0-89EF3633F4A0}.Debug|Any CPU.Build.0 = Debug|Any CPU
		{7D8E2C59-48D5-4474-84A0-89EF3633F4A0}.Debug|x64.ActiveCfg = Debug|Any CPU
		{7D8E2C59-48D5-4474-84A0-89EF3633F4A0}.Debug|x64.Build.0 = Debug|Any CPU
		{7D8E2C59-48D5-4474-84A0-89EF3633F4A0}.Debug|x86.ActiveCfg = Debug|Any CPU
		{7D8E2C59-48D5-4474-84A0-89EF3633F4A0}.Debug|x86.Build.0 = Debug|Any CPU
		{7D8E2C59-48D5-4474-84A0-89EF3633F4A0}.Release|Any CPU.ActiveCfg = Release|Any CPU
		{7D8E2C59-48D5-4474-84A0-89EF3633F4A0}.Release|Any CPU.Build.0 = Release|Any CPU
		{7D8E2C59-48D5-4474-84A0-89EF3633F4A0}.Release|x64.ActiveCfg = Release|Any CPU
		{7D8E2C59-48D5-4474-84A0-89EF3633F4A0}.Release|x64.Build.0 = Release|Any CPU
		{7D8E2C59-48D5-4474-84A0-89EF3633F4A0}.Release|x86.ActiveCfg = Release|Any CPU
		{7D8E2C59-48D5-4474-84A0-89EF3633F4A0}.Release|x86.Build.0 = Release|Any CPU
		{6509351D-181C-433A-9FF5-5F4005FE1368}.Debug|Any CPU.ActiveCfg = Debug|Any CPU
		{6509351D-181C-433A-9FF5-5F4005FE1368}.Debug|Any CPU.Build.0 = Debug|Any CPU
		{6509351D-181C-433A-9FF5-5F4005FE1368}.Debug|x64.ActiveCfg = Debug|Any CPU
		{6509351D-181C-433A-9FF5-5F4005FE1368}.Debug|x64.Build.0 = Debug|Any CPU
		{6509351D-181C-433A-9FF5-5F4005FE1368}.Debug|x86.ActiveCfg = Debug|Any CPU
		{6509351D-181C-433A-9FF5-5F4005FE1368}.Debug|x86.Build.0 = Debug|Any CPU
		{6509351D-181C-433A-9FF5-5F4005FE1368}.Release|Any CPU.ActiveCfg = Release|Any CPU
		{6509351D-181C-433A-9FF5-5F4005FE1368}.Release|Any CPU.Build.0 = Release|Any CPU
		{6509351D-181C-433A-9FF5-5F4005FE1368}.Release|x64.ActiveCfg = Release|Any CPU
		{6509351D-181C-433A-9FF5-5F4005FE1368}.Release|x64.Build.0 = Release|Any CPU
		{6509351D-181C-433A-9FF5-5F4005FE1368}.Release|x86.ActiveCfg = Release|Any CPU
		{6509351D-181C-433A-9FF5-5F4005FE1368}.Release|x86.Build.0 = Release|Any CPU
		{5BCD354D-83E7-44E6-A118-061A4EE56317}.Debug|Any CPU.ActiveCfg = Debug|Any CPU
		{5BCD354D-83E7-44E6-A118-061A4EE56317}.Debug|Any CPU.Build.0 = Debug|Any CPU
		{5BCD354D-83E7-44E6-A118-061A4EE56317}.Debug|x64.ActiveCfg = Debug|Any CPU
		{5BCD354D-83E7-44E6-A118-061A4EE56317}.Debug|x64.Build.0 = Debug|Any CPU
		{5BCD354D-83E7-44E6-A118-061A4EE56317}.Debug|x86.ActiveCfg = Debug|Any CPU
		{5BCD354D-83E7-44E6-A118-061A4EE56317}.Debug|x86.Build.0 = Debug|Any CPU
		{5BCD354D-83E7-44E6-A118-061A4EE56317}.Release|Any CPU.ActiveCfg = Release|Any CPU
		{5BCD354D-83E7-44E6-A118-061A4EE56317}.Release|Any CPU.Build.0 = Release|Any CPU
		{5BCD354D-83E7-44E6-A118-061A4EE56317}.Release|x64.ActiveCfg = Release|Any CPU
		{5BCD354D-83E7-44E6-A118-061A4EE56317}.Release|x64.Build.0 = Release|Any CPU
		{5BCD354D-83E7-44E6-A118-061A4EE56317}.Release|x86.ActiveCfg = Release|Any CPU
		{5BCD354D-83E7-44E6-A118-061A4EE56317}.Release|x86.Build.0 = Release|Any CPU
		{E4765FA6-D5BC-4C5D-8D00-7234CB304C94}.Debug|Any CPU.ActiveCfg = Debug|Any CPU
		{E4765FA6-D5BC-4C5D-8D00-7234CB304C94}.Debug|Any CPU.Build.0 = Debug|Any CPU
		{E4765FA6-D5BC-4C5D-8D00-7234CB304C94}.Debug|x64.ActiveCfg = Debug|Any CPU
		{E4765FA6-D5BC-4C5D-8D00-7234CB304C94}.Debug|x64.Build.0 = Debug|Any CPU
		{E4765FA6-D5BC-4C5D-8D00-7234CB304C94}.Debug|x86.ActiveCfg = Debug|Any CPU
		{E4765FA6-D5BC-4C5D-8D00-7234CB304C94}.Debug|x86.Build.0 = Debug|Any CPU
		{E4765FA6-D5BC-4C5D-8D00-7234CB304C94}.Release|Any CPU.ActiveCfg = Release|Any CPU
		{E4765FA6-D5BC-4C5D-8D00-7234CB304C94}.Release|Any CPU.Build.0 = Release|Any CPU
		{E4765FA6-D5BC-4C5D-8D00-7234CB304C94}.Release|x64.ActiveCfg = Release|Any CPU
		{E4765FA6-D5BC-4C5D-8D00-7234CB304C94}.Release|x64.Build.0 = Release|Any CPU
		{E4765FA6-D5BC-4C5D-8D00-7234CB304C94}.Release|x86.ActiveCfg = Release|Any CPU
		{E4765FA6-D5BC-4C5D-8D00-7234CB304C94}.Release|x86.Build.0 = Release|Any CPU
		{280D21CA-B67D-49ED-B7AD-592B1342CD80}.Debug|Any CPU.ActiveCfg = Debug|Any CPU
		{280D21CA-B67D-49ED-B7AD-592B1342CD80}.Debug|Any CPU.Build.0 = Debug|Any CPU
		{280D21CA-B67D-49ED-B7AD-592B1342CD80}.Debug|x64.ActiveCfg = Debug|Any CPU
		{280D21CA-B67D-49ED-B7AD-592B1342CD80}.Debug|x64.Build.0 = Debug|Any CPU
		{280D21CA-B67D-49ED-B7AD-592B1342CD80}.Debug|x86.ActiveCfg = Debug|Any CPU
		{280D21CA-B67D-49ED-B7AD-592B1342CD80}.Debug|x86.Build.0 = Debug|Any CPU
		{280D21CA-B67D-49ED-B7AD-592B1342CD80}.Release|Any CPU.ActiveCfg = Release|Any CPU
		{280D21CA-B67D-49ED-B7AD-592B1342CD80}.Release|Any CPU.Build.0 = Release|Any CPU
		{280D21CA-B67D-49ED-B7AD-592B1342CD80}.Release|x64.ActiveCfg = Release|Any CPU
		{280D21CA-B67D-49ED-B7AD-592B1342CD80}.Release|x64.Build.0 = Release|Any CPU
		{280D21CA-B67D-49ED-B7AD-592B1342CD80}.Release|x86.ActiveCfg = Release|Any CPU
		{280D21CA-B67D-49ED-B7AD-592B1342CD80}.Release|x86.Build.0 = Release|Any CPU
		{300CC1C4-A23F-4A3E-A253-9616E57DA53C}.Debug|Any CPU.ActiveCfg = Debug|Any CPU
		{300CC1C4-A23F-4A3E-A253-9616E57DA53C}.Debug|Any CPU.Build.0 = Debug|Any CPU
		{300CC1C4-A23F-4A3E-A253-9616E57DA53C}.Debug|x64.ActiveCfg = Debug|Any CPU
		{300CC1C4-A23F-4A3E-A253-9616E57DA53C}.Debug|x64.Build.0 = Debug|Any CPU
		{300CC1C4-A23F-4A3E-A253-9616E57DA53C}.Debug|x86.ActiveCfg = Debug|Any CPU
		{300CC1C4-A23F-4A3E-A253-9616E57DA53C}.Debug|x86.Build.0 = Debug|Any CPU
		{300CC1C4-A23F-4A3E-A253-9616E57DA53C}.Release|Any CPU.ActiveCfg = Release|Any CPU
		{300CC1C4-A23F-4A3E-A253-9616E57DA53C}.Release|Any CPU.Build.0 = Release|Any CPU
		{300CC1C4-A23F-4A3E-A253-9616E57DA53C}.Release|x64.ActiveCfg = Release|Any CPU
		{300CC1C4-A23F-4A3E-A253-9616E57DA53C}.Release|x64.Build.0 = Release|Any CPU
		{300CC1C4-A23F-4A3E-A253-9616E57DA53C}.Release|x86.ActiveCfg = Release|Any CPU
		{300CC1C4-A23F-4A3E-A253-9616E57DA53C}.Release|x86.Build.0 = Release|Any CPU
		{0F1161C1-EBB0-44BC-B65E-66D5DAABE260}.Debug|Any CPU.ActiveCfg = Debug|Any CPU
		{0F1161C1-EBB0-44BC-B65E-66D5DAABE260}.Debug|Any CPU.Build.0 = Debug|Any CPU
		{0F1161C1-EBB0-44BC-B65E-66D5DAABE260}.Debug|x64.ActiveCfg = Debug|Any CPU
		{0F1161C1-EBB0-44BC-B65E-66D5DAABE260}.Debug|x64.Build.0 = Debug|Any CPU
		{0F1161C1-EBB0-44BC-B65E-66D5DAABE260}.Debug|x86.ActiveCfg = Debug|Any CPU
		{0F1161C1-EBB0-44BC-B65E-66D5DAABE260}.Debug|x86.Build.0 = Debug|Any CPU
		{0F1161C1-EBB0-44BC-B65E-66D5DAABE260}.Release|Any CPU.ActiveCfg = Release|Any CPU
		{0F1161C1-EBB0-44BC-B65E-66D5DAABE260}.Release|Any CPU.Build.0 = Release|Any CPU
		{0F1161C1-EBB0-44BC-B65E-66D5DAABE260}.Release|x64.ActiveCfg = Release|Any CPU
		{0F1161C1-EBB0-44BC-B65E-66D5DAABE260}.Release|x64.Build.0 = Release|Any CPU
		{0F1161C1-EBB0-44BC-B65E-66D5DAABE260}.Release|x86.ActiveCfg = Release|Any CPU
		{0F1161C1-EBB0-44BC-B65E-66D5DAABE260}.Release|x86.Build.0 = Release|Any CPU
		{B8801178-7026-48D0-A350-7564F3F4D8A3}.Debug|Any CPU.ActiveCfg = Debug|Any CPU
		{B8801178-7026-48D0-A350-7564F3F4D8A3}.Debug|Any CPU.Build.0 = Debug|Any CPU
		{B8801178-7026-48D0-A350-7564F3F4D8A3}.Debug|x64.ActiveCfg = Debug|Any CPU
		{B8801178-7026-48D0-A350-7564F3F4D8A3}.Debug|x64.Build.0 = Debug|Any CPU
		{B8801178-7026-48D0-A350-7564F3F4D8A3}.Debug|x86.ActiveCfg = Debug|Any CPU
		{B8801178-7026-48D0-A350-7564F3F4D8A3}.Debug|x86.Build.0 = Debug|Any CPU
		{B8801178-7026-48D0-A350-7564F3F4D8A3}.Release|Any CPU.ActiveCfg = Release|Any CPU
		{B8801178-7026-48D0-A350-7564F3F4D8A3}.Release|Any CPU.Build.0 = Release|Any CPU
		{B8801178-7026-48D0-A350-7564F3F4D8A3}.Release|x64.ActiveCfg = Release|Any CPU
		{B8801178-7026-48D0-A350-7564F3F4D8A3}.Release|x64.Build.0 = Release|Any CPU
		{B8801178-7026-48D0-A350-7564F3F4D8A3}.Release|x86.ActiveCfg = Release|Any CPU
		{B8801178-7026-48D0-A350-7564F3F4D8A3}.Release|x86.Build.0 = Release|Any CPU
		{68A012A9-625E-4339-A5DF-4897E5042C89}.Debug|Any CPU.ActiveCfg = Debug|Any CPU
		{68A012A9-625E-4339-A5DF-4897E5042C89}.Debug|Any CPU.Build.0 = Debug|Any CPU
		{68A012A9-625E-4339-A5DF-4897E5042C89}.Debug|x64.ActiveCfg = Debug|Any CPU
		{68A012A9-625E-4339-A5DF-4897E5042C89}.Debug|x64.Build.0 = Debug|Any CPU
		{68A012A9-625E-4339-A5DF-4897E5042C89}.Debug|x86.ActiveCfg = Debug|Any CPU
		{68A012A9-625E-4339-A5DF-4897E5042C89}.Debug|x86.Build.0 = Debug|Any CPU
		{68A012A9-625E-4339-A5DF-4897E5042C89}.Release|Any CPU.ActiveCfg = Release|Any CPU
		{68A012A9-625E-4339-A5DF-4897E5042C89}.Release|Any CPU.Build.0 = Release|Any CPU
		{68A012A9-625E-4339-A5DF-4897E5042C89}.Release|x64.ActiveCfg = Release|Any CPU
		{68A012A9-625E-4339-A5DF-4897E5042C89}.Release|x64.Build.0 = Release|Any CPU
		{68A012A9-625E-4339-A5DF-4897E5042C89}.Release|x86.ActiveCfg = Release|Any CPU
		{68A012A9-625E-4339-A5DF-4897E5042C89}.Release|x86.Build.0 = Release|Any CPU
		{CD26DF1C-7DBF-4D35-A804-514FE39DA097}.Debug|Any CPU.ActiveCfg = Debug|Any CPU
		{CD26DF1C-7DBF-4D35-A804-514FE39DA097}.Debug|Any CPU.Build.0 = Debug|Any CPU
		{CD26DF1C-7DBF-4D35-A804-514FE39DA097}.Debug|x64.ActiveCfg = Debug|Any CPU
		{CD26DF1C-7DBF-4D35-A804-514FE39DA097}.Debug|x64.Build.0 = Debug|Any CPU
		{CD26DF1C-7DBF-4D35-A804-514FE39DA097}.Debug|x86.ActiveCfg = Debug|Any CPU
		{CD26DF1C-7DBF-4D35-A804-514FE39DA097}.Debug|x86.Build.0 = Debug|Any CPU
		{CD26DF1C-7DBF-4D35-A804-514FE39DA097}.Release|Any CPU.ActiveCfg = Release|Any CPU
		{CD26DF1C-7DBF-4D35-A804-514FE39DA097}.Release|Any CPU.Build.0 = Release|Any CPU
		{CD26DF1C-7DBF-4D35-A804-514FE39DA097}.Release|x64.ActiveCfg = Release|Any CPU
		{CD26DF1C-7DBF-4D35-A804-514FE39DA097}.Release|x64.Build.0 = Release|Any CPU
		{CD26DF1C-7DBF-4D35-A804-514FE39DA097}.Release|x86.ActiveCfg = Release|Any CPU
		{CD26DF1C-7DBF-4D35-A804-514FE39DA097}.Release|x86.Build.0 = Release|Any CPU
	EndGlobalSection
	GlobalSection(SolutionProperties) = preSolution
		HideSolutionNode = FALSE
	EndGlobalSection
	GlobalSection(NestedProjects) = preSolution
		{984BB9B3-3FA3-BE33-9484-CAC21695A33C} = {827E0CD3-B72D-47B6-A68D-7590B98EB39B}
		{B0ED8887-1092-5A1A-EC04-2B6B0F6E9C33} = {984BB9B3-3FA3-BE33-9484-CAC21695A33C}
		{58F11597-31A0-4AE2-BDE8-4E3EF4C22F79} = {B0ED8887-1092-5A1A-EC04-2B6B0F6E9C33}
		{DFA2A8D6-D029-485C-867F-CE306A71001B} = {B0ED8887-1092-5A1A-EC04-2B6B0F6E9C33}
		{8C2713C7-546E-4D61-A2C3-8C55C6C48019} = {B0ED8887-1092-5A1A-EC04-2B6B0F6E9C33}
		{CBCCEB6F-BF4E-4FF6-A7F4-6C2C26BF5F76} = {B0ED8887-1092-5A1A-EC04-2B6B0F6E9C33}
		{10AAECAC-21BA-5C38-3BA5-E4BE0193DAA0} = {B0ED8887-1092-5A1A-EC04-2B6B0F6E9C33}
		{3EFE4C2E-3CAE-44C2-BE22-033E7D9C53B1} = {10AAECAC-21BA-5C38-3BA5-E4BE0193DAA0}
		{D62A2941-08E1-441B-8492-591C9ADCDED1} = {10AAECAC-21BA-5C38-3BA5-E4BE0193DAA0}
		{7B912DB9-331B-0944-5302-1EBCC0404D36} = {984BB9B3-3FA3-BE33-9484-CAC21695A33C}
		{EFA13E8F-7F40-462A-BF81-E3DB0453FE66} = {7B912DB9-331B-0944-5302-1EBCC0404D36}
		{DADD0C1E-DD26-45A6-B91F-147D2157223E} = {7B912DB9-331B-0944-5302-1EBCC0404D36}
		{7D8E2C59-48D5-4474-84A0-89EF3633F4A0} = {7B912DB9-331B-0944-5302-1EBCC0404D36}
		{6509351D-181C-433A-9FF5-5F4005FE1368} = {7B912DB9-331B-0944-5302-1EBCC0404D36}
		{DE9CB059-47B5-24E0-B781-73041E71A90F} = {7B912DB9-331B-0944-5302-1EBCC0404D36}
		{5BCD354D-83E7-44E6-A118-061A4EE56317} = {DE9CB059-47B5-24E0-B781-73041E71A90F}
		{E4765FA6-D5BC-4C5D-8D00-7234CB304C94} = {DE9CB059-47B5-24E0-B781-73041E71A90F}
		{4FD79C85-B390-988C-6EB0-CF61DD94049A} = {984BB9B3-3FA3-BE33-9484-CAC21695A33C}
		{280D21CA-B67D-49ED-B7AD-592B1342CD80} = {4FD79C85-B390-988C-6EB0-CF61DD94049A}
		{300CC1C4-A23F-4A3E-A253-9616E57DA53C} = {4FD79C85-B390-988C-6EB0-CF61DD94049A}
		{0F1161C1-EBB0-44BC-B65E-66D5DAABE260} = {4FD79C85-B390-988C-6EB0-CF61DD94049A}
		{B8801178-7026-48D0-A350-7564F3F4D8A3} = {4FD79C85-B390-988C-6EB0-CF61DD94049A}
		{3926BB3C-E732-9124-5201-0968DFF54D23} = {4FD79C85-B390-988C-6EB0-CF61DD94049A}
		{68A012A9-625E-4339-A5DF-4897E5042C89} = {3926BB3C-E732-9124-5201-0968DFF54D23}
		{CD26DF1C-7DBF-4D35-A804-514FE39DA097} = {3926BB3C-E732-9124-5201-0968DFF54D23}
	EndGlobalSection
EndGlobal
